
Microsoft Visual Studio Solution File, Format Version 12.00
# Visual Studio 14
VisualStudioVersion = 14.0.23107.0
MinimumVisualStudioVersion = 10.0.40219.1
Project("{2150E333-8FDC-42A3-9474-1A3956D46DE8}") = ".nuget", ".nuget", "{E8FE67A8-B5F5-45FF-8C64-E49B27350C36}"
	ProjectSection(SolutionItems) = preProject
		.nuget\NuGet.Config = .nuget\NuGet.Config
		.nuget\NuGet.exe = .nuget\NuGet.exe
		.nuget\NuGet.targets = .nuget\NuGet.targets
	EndProjectSection
EndProject
Project("{FAE04EC0-301F-11D3-BF4B-00C04F79EFBC}") = "DinnerKillPoints", "DinnerKillPoints\DinnerKillPoints.csproj", "{655A28B3-42C3-4E3D-B670-CFDE2FF778AD}"
EndProject
Project("{00D1A9C2-B5F0-4AF3-8072-F6C62B433612}") = "DkpData", "DkpData\DkpData.sqlproj", "{7646F133-06D3-45E2-AD2E-5C6074D2B054}"
EndProject
Project("{FAE04EC0-301F-11D3-BF4B-00C04F79EFBC}") = "DkpWeb", "DkpWeb\DkpWeb.csproj", "{C928C1B2-E698-4D4F-972C-C8558F9F8306}"
EndProject
Project("{FAE04EC0-301F-11D3-BF4B-00C04F79EFBC}") = "DkpWeb.Tests", "DkpWeb.Tests\DkpWeb.Tests.csproj", "{F659A15F-BC11-447E-98A7-15BD3F303A5D}"
EndProject
Project("{FAE04EC0-301F-11D3-BF4B-00C04F79EFBC}") = "DkpLib", "DkpLib\DkpLib.csproj", "{EB0E5B15-C3D6-415A-9D95-DC46FF931D45}"
EndProject
Project("{FAE04EC0-301F-11D3-BF4B-00C04F79EFBC}") = "MailMerge", "MailMerge\MailMerge.csproj", "{A6886ACB-F343-470C-A37B-E0B9768C9F7E}"
EndProject
Global
	GlobalSection(SolutionConfigurationPlatforms) = preSolution
		Debug|Any CPU = Debug|Any CPU
		Debug|Mixed Platforms = Debug|Mixed Platforms
		Debug|x86 = Debug|x86
		Release|Any CPU = Release|Any CPU
		Release|Mixed Platforms = Release|Mixed Platforms
		Release|x86 = Release|x86
	EndGlobalSection
	GlobalSection(ProjectConfigurationPlatforms) = postSolution
		{655A28B3-42C3-4E3D-B670-CFDE2FF778AD}.Debug|Any CPU.ActiveCfg = Debug|x86
		{655A28B3-42C3-4E3D-B670-CFDE2FF778AD}.Debug|Mixed Platforms.ActiveCfg = Debug|x86
		{655A28B3-42C3-4E3D-B670-CFDE2FF778AD}.Debug|Mixed Platforms.Build.0 = Debug|x86
		{655A28B3-42C3-4E3D-B670-CFDE2FF778AD}.Debug|x86.ActiveCfg = Debug|x86
		{655A28B3-42C3-4E3D-B670-CFDE2FF778AD}.Debug|x86.Build.0 = Debug|x86
		{655A28B3-42C3-4E3D-B670-CFDE2FF778AD}.Release|Any CPU.ActiveCfg = Release|x86
		{655A28B3-42C3-4E3D-B670-CFDE2FF778AD}.Release|Mixed Platforms.ActiveCfg = Release|x86
		{655A28B3-42C3-4E3D-B670-CFDE2FF778AD}.Release|Mixed Platforms.Build.0 = Release|x86
		{655A28B3-42C3-4E3D-B670-CFDE2FF778AD}.Release|x86.ActiveCfg = Release|x86
		{655A28B3-42C3-4E3D-B670-CFDE2FF778AD}.Release|x86.Build.0 = Release|x86
		{7646F133-06D3-45E2-AD2E-5C6074D2B054}.Debug|Any CPU.ActiveCfg = Debug|Any CPU
		{7646F133-06D3-45E2-AD2E-5C6074D2B054}.Debug|Any CPU.Build.0 = Debug|Any CPU
		{7646F133-06D3-45E2-AD2E-5C6074D2B054}.Debug|Any CPU.Deploy.0 = Debug|Any CPU
		{7646F133-06D3-45E2-AD2E-5C6074D2B054}.Debug|Mixed Platforms.ActiveCfg = Debug|Any CPU
		{7646F133-06D3-45E2-AD2E-5C6074D2B054}.Debug|Mixed Platforms.Build.0 = Debug|Any CPU
		{7646F133-06D3-45E2-AD2E-5C6074D2B054}.Debug|Mixed Platforms.Deploy.0 = Debug|Any CPU
		{7646F133-06D3-45E2-AD2E-5C6074D2B054}.Debug|x86.ActiveCfg = Debug|Any CPU
		{7646F133-06D3-45E2-AD2E-5C6074D2B054}.Release|Any CPU.ActiveCfg = Release|Any CPU
		{7646F133-06D3-45E2-AD2E-5C6074D2B054}.Release|Any CPU.Build.0 = Release|Any CPU
		{7646F133-06D3-45E2-AD2E-5C6074D2B054}.Release|Any CPU.Deploy.0 = Release|Any CPU
		{7646F133-06D3-45E2-AD2E-5C6074D2B054}.Release|Mixed Platforms.ActiveCfg = Release|Any CPU
		{7646F133-06D3-45E2-AD2E-5C6074D2B054}.Release|Mixed Platforms.Build.0 = Release|Any CPU
		{7646F133-06D3-45E2-AD2E-5C6074D2B054}.Release|Mixed Platforms.Deploy.0 = Release|Any CPU
		{7646F133-06D3-45E2-AD2E-5C6074D2B054}.Release|x86.ActiveCfg = Release|Any CPU
		{C928C1B2-E698-4D4F-972C-C8558F9F8306}.Debug|Any CPU.ActiveCfg = Debug|Any CPU
		{C928C1B2-E698-4D4F-972C-C8558F9F8306}.Debug|Any CPU.Build.0 = Debug|Any CPU
		{C928C1B2-E698-4D4F-972C-C8558F9F8306}.Debug|Mixed Platforms.ActiveCfg = Debug|Any CPU
		{C928C1B2-E698-4D4F-972C-C8558F9F8306}.Debug|Mixed Platforms.Build.0 = Debug|Any CPU
		{C928C1B2-E698-4D4F-972C-C8558F9F8306}.Debug|x86.ActiveCfg = Debug|Any CPU
		{C928C1B2-E698-4D4F-972C-C8558F9F8306}.Release|Any CPU.ActiveCfg = Release|Any CPU
		{C928C1B2-E698-4D4F-972C-C8558F9F8306}.Release|Any CPU.Build.0 = Release|Any CPU
		{C928C1B2-E698-4D4F-972C-C8558F9F8306}.Release|Mixed Platforms.ActiveCfg = Release|Any CPU
		{C928C1B2-E698-4D4F-972C-C8558F9F8306}.Release|Mixed Platforms.Build.0 = Release|Any CPU
		{C928C1B2-E698-4D4F-972C-C8558F9F8306}.Release|x86.ActiveCfg = Release|Any CPU
		{F659A15F-BC11-447E-98A7-15BD3F303A5D}.Debug|Any CPU.ActiveCfg = Debug|Any CPU
		{F659A15F-BC11-447E-98A7-15BD3F303A5D}.Debug|Any CPU.Build.0 = Debug|Any CPU
		{F659A15F-BC11-447E-98A7-15BD3F303A5D}.Debug|Mixed Platforms.ActiveCfg = Debug|Any CPU
		{F659A15F-BC11-447E-98A7-15BD3F303A5D}.Debug|Mixed Platforms.Build.0 = Debug|Any CPU
		{F659A15F-BC11-447E-98A7-15BD3F303A5D}.Debug|x86.ActiveCfg = Debug|Any CPU
		{F659A15F-BC11-447E-98A7-15BD3F303A5D}.Release|Any CPU.ActiveCfg = Release|Any CPU
		{F659A15F-BC11-447E-98A7-15BD3F303A5D}.Release|Any CPU.Build.0 = Release|Any CPU
		{F659A15F-BC11-447E-98A7-15BD3F303A5D}.Release|Mixed Platforms.ActiveCfg = Release|Any CPU
		{F659A15F-BC11-447E-98A7-15BD3F303A5D}.Release|Mixed Platforms.Build.0 = Release|Any CPU
		{F659A15F-BC11-447E-98A7-15BD3F303A5D}.Release|x86.ActiveCfg = Release|Any CPU
		{EB0E5B15-C3D6-415A-9D95-DC46FF931D45}.Debug|Any CPU.ActiveCfg = Debug|Any CPU
		{EB0E5B15-C3D6-415A-9D95-DC46FF931D45}.Debug|Any CPU.Build.0 = Debug|Any CPU
		{EB0E5B15-C3D6-415A-9D95-DC46FF931D45}.Debug|Mixed Platforms.ActiveCfg = Debug|Any CPU
		{EB0E5B15-C3D6-415A-9D95-DC46FF931D45}.Debug|Mixed Platforms.Build.0 = Debug|Any CPU
		{EB0E5B15-C3D6-415A-9D95-DC46FF931D45}.Debug|x86.ActiveCfg = Debug|Any CPU
		{EB0E5B15-C3D6-415A-9D95-DC46FF931D45}.Release|Any CPU.ActiveCfg = Release|Any CPU
		{EB0E5B15-C3D6-415A-9D95-DC46FF931D45}.Release|Any CPU.Build.0 = Release|Any CPU
		{EB0E5B15-C3D6-415A-9D95-DC46FF931D45}.Release|Mixed Platforms.ActiveCfg = Release|Any CPU
		{EB0E5B15-C3D6-415A-9D95-DC46FF931D45}.Release|Mixed Platforms.Build.0 = Release|Any CPU
		{EB0E5B15-C3D6-415A-9D95-DC46FF931D45}.Release|x86.ActiveCfg = Release|Any CPU
		{A6886ACB-F343-470C-A37B-E0B9768C9F7E}.Debug|Any CPU.ActiveCfg = Debug|Any CPU
		{A6886ACB-F343-470C-A37B-E0B9768C9F7E}.Debug|Any CPU.Build.0 = Debug|Any CPU
		{A6886ACB-F343-470C-A37B-E0B9768C9F7E}.Debug|Mixed Platforms.ActiveCfg = Debug|Any CPU
		{A6886ACB-F343-470C-A37B-E0B9768C9F7E}.Debug|Mixed Platforms.Build.0 = Debug|Any CPU
		{A6886ACB-F343-470C-A37B-E0B9768C9F7E}.Debug|x86.ActiveCfg = Debug|Any CPU
		{A6886ACB-F343-470C-A37B-E0B9768C9F7E}.Release|Any CPU.ActiveCfg = Release|Any CPU
		{A6886ACB-F343-470C-A37B-E0B9768C9F7E}.Release|Any CPU.Build.0 = Release|Any CPU
		{A6886ACB-F343-470C-A37B-E0B9768C9F7E}.Release|Mixed Platforms.ActiveCfg = Release|Any CPU
		{A6886ACB-F343-470C-A37B-E0B9768C9F7E}.Release|Mixed Platforms.Build.0 = Release|Any CPU
		{A6886ACB-F343-470C-A37B-E0B9768C9F7E}.Release|x86.ActiveCfg = Release|Any CPU
	EndGlobalSection
	GlobalSection(SolutionProperties) = preSolution
		HideSolutionNode = FALSE
	EndGlobalSection
EndGlobal
